// !$*UTF8*$!
{
	archiveVersion = 1;
	classes = {
	};
	objectVersion = 56;
	objects = {

/* Begin PBXBuildFile section */
		9D733EB22CEC82C900EF08B0 /* pikaApp.swift in Sources */ = {isa = PBXBuildFile; fileRef = 9D733EB12CEC82C900EF08B0 /* pikaApp.swift */; };
		9D733EB42CEC82C900EF08B0 /* ContentView.swift in Sources */ = {isa = PBXBuildFile; fileRef = 9D733EB32CEC82C900EF08B0 /* ContentView.swift */; };
		9D733EB62CEC82CA00EF08B0 /* Assets.xcassets in Resources */ = {isa = PBXBuildFile; fileRef = 9D733EB52CEC82CA00EF08B0 /* Assets.xcassets */; };
		9D733EBA2CEC82CA00EF08B0 /* Preview Assets.xcassets in Resources */ = {isa = PBXBuildFile; fileRef = 9D733EB92CEC82CA00EF08B0 /* Preview Assets.xcassets */; };
		9D733EC42CEC82CA00EF08B0 /* pikaTests.swift in Sources */ = {isa = PBXBuildFile; fileRef = 9D733EC32CEC82CA00EF08B0 /* pikaTests.swift */; };
		9D733ECE2CEC82CB00EF08B0 /* pikaUITests.swift in Sources */ = {isa = PBXBuildFile; fileRef = 9D733ECD2CEC82CB00EF08B0 /* pikaUITests.swift */; };
		9D733ED02CEC82CB00EF08B0 /* pikaUITestsLaunchTests.swift in Sources */ = {isa = PBXBuildFile; fileRef = 9D733ECF2CEC82CB00EF08B0 /* pikaUITestsLaunchTests.swift */; };
/* End PBXBuildFile section */

/* Begin PBXContainerItemProxy section */
		9D733EC02CEC82CA00EF08B0 /* PBXContainerItemProxy */ = {
			isa = PBXContainerItemProxy;
			containerPortal = 9D733EA62CEC82C900EF08B0 /* Project object */;
			proxyType = 1;
			remoteGlobalIDString = 9D733EAD2CEC82C900EF08B0;
			remoteInfo = pika;
		};
		9D733ECA2CEC82CB00EF08B0 /* PBXContainerItemProxy */ = {
			isa = PBXContainerItemProxy;
			containerPortal = 9D733EA62CEC82C900EF08B0 /* Project object */;
			proxyType = 1;
			remoteGlobalIDString = 9D733EAD2CEC82C900EF08B0;
			remoteInfo = pika;
		};
/* End PBXContainerItemProxy section */

/* Begin PBXFileReference section */
		9D733EAE2CEC82C900EF08B0 /* pika.app */ = {isa = PBXFileReference; explicitFileType = wrapper.application; includeInIndex = 0; path = pika.app; sourceTree = BUILT_PRODUCTS_DIR; };
		9D733EB12CEC82C900EF08B0 /* pikaApp.swift */ = {isa = PBXFileReference; lastKnownFileType = sourcecode.swift; path = pikaApp.swift; sourceTree = "<group>"; };
		9D733EB32CEC82C900EF08B0 /* ContentView.swift */ = {isa = PBXFileReference; lastKnownFileType = sourcecode.swift; path = ContentView.swift; sourceTree = "<group>"; };
		9D733EB52CEC82CA00EF08B0 /* Assets.xcassets */ = {isa = PBXFileReference; lastKnownFileType = folder.assetcatalog; path = Assets.xcassets; sourceTree = "<group>"; };
		9D733EB72CEC82CA00EF08B0 /* pika.entitlements */ = {isa = PBXFileReference; lastKnownFileType = text.plist.entitlements; path = pika.entitlements; sourceTree = "<group>"; };
		9D733EB92CEC82CA00EF08B0 /* Preview Assets.xcassets */ = {isa = PBXFileReference; lastKnownFileType = folder.assetcatalog; path = "Preview Assets.xcassets"; sourceTree = "<group>"; };
		9D733EBF2CEC82CA00EF08B0 /* pikaTests.xctest */ = {isa = PBXFileReference; explicitFileType = wrapper.cfbundle; includeInIndex = 0; path = pikaTests.xctest; sourceTree = BUILT_PRODUCTS_DIR; };
		9D733EC32CEC82CA00EF08B0 /* pikaTests.swift */ = {isa = PBXFileReference; lastKnownFileType = sourcecode.swift; path = pikaTests.swift; sourceTree = "<group>"; };
		9D733EC92CEC82CB00EF08B0 /* pikaUITests.xctest */ = {isa = PBXFileReference; explicitFileType = wrapper.cfbundle; includeInIndex = 0; path = pikaUITests.xctest; sourceTree = BUILT_PRODUCTS_DIR; };
		9D733ECD2CEC82CB00EF08B0 /* pikaUITests.swift */ = {isa = PBXFileReference; lastKnownFileType = sourcecode.swift; path = pikaUITests.swift; sourceTree = "<group>"; };
		9D733ECF2CEC82CB00EF08B0 /* pikaUITestsLaunchTests.swift */ = {isa = PBXFileReference; lastKnownFileType = sourcecode.swift; path = pikaUITestsLaunchTests.swift; sourceTree = "<group>"; };
/* End PBXFileReference section */

/* Begin PBXFrameworksBuildPhase section */
		9D733EAB2CEC82C900EF08B0 /* Frameworks */ = {
			isa = PBXFrameworksBuildPhase;
			buildActionMask = 2147483647;
			files = (
			);
			runOnlyForDeploymentPostprocessing = 0;
		};
		9D733EBC2CEC82CA00EF08B0 /* Frameworks */ = {
			isa = PBXFrameworksBuildPhase;
			buildActionMask = 2147483647;
			files = (
			);
			runOnlyForDeploymentPostprocessing = 0;
		};
		9D733EC62CEC82CB00EF08B0 /* Frameworks */ = {
			isa = PBXFrameworksBuildPhase;
			buildActionMask = 2147483647;
			files = (
			);
			runOnlyForDeploymentPostprocessing = 0;
		};
/* End PBXFrameworksBuildPhase section */

/* Begin PBXGroup section */
		9D733EA52CEC82C900EF08B0 = {
			isa = PBXGroup;
			children = (
				9D733EB02CEC82C900EF08B0 /* pika */,
				9D733EC22CEC82CA00EF08B0 /* pikaTests */,
				9D733ECC2CEC82CB00EF08B0 /* pikaUITests */,
				9D733EAF2CEC82C900EF08B0 /* Products */,
			);
			sourceTree = "<group>";
		};
		9D733EAF2CEC82C900EF08B0 /* Products */ = {
			isa = PBXGroup;
			children = (
				9D733EAE2CEC82C900EF08B0 /* pika.app */,
				9D733EBF2CEC82CA00EF08B0 /* pikaTests.xctest */,
				9D733EC92CEC82CB00EF08B0 /* pikaUITests.xctest */,
			);
			name = Products;
			sourceTree = "<group>";
		};
		9D733EB02CEC82C900EF08B0 /* pika */ = {
			isa = PBXGroup;
			children = (
				9D733EB12CEC82C900EF08B0 /* pikaApp.swift */,
				9D733EB32CEC82C900EF08B0 /* ContentView.swift */,
				9D733EB52CEC82CA00EF08B0 /* Assets.xcassets */,
				9D733EB72CEC82CA00EF08B0 /* pika.entitlements */,
				9D733EB82CEC82CA00EF08B0 /* Preview Content */,
			);
			path = pika;
			sourceTree = "<group>";
		};
		9D733EB82CEC82CA00EF08B0 /* Preview Content */ = {
			isa = PBXGroup;
			children = (
				9D733EB92CEC82CA00EF08B0 /* Preview Assets.xcassets */,
			);
			path = "Preview Content";
			sourceTree = "<group>";
		};
		9D733EC22CEC82CA00EF08B0 /* pikaTests */ = {
			isa = PBXGroup;
			children = (
				9D733EC32CEC82CA00EF08B0 /* pikaTests.swift */,
			);
			path = pikaTests;
			sourceTree = "<group>";
		};
		9D733ECC2CEC82CB00EF08B0 /* pikaUITests */ = {
			isa = PBXGroup;
			children = (
				9D733ECD2CEC82CB00EF08B0 /* pikaUITests.swift */,
				9D733ECF2CEC82CB00EF08B0 /* pikaUITestsLaunchTests.swift */,
			);
			path = pikaUITests;
			sourceTree = "<group>";
		};
/* End PBXGroup section */

/* Begin PBXNativeTarget section */
		9D733EAD2CEC82C900EF08B0 /* pika */ = {
			isa = PBXNativeTarget;
			buildConfigurationList = 9D733ED32CEC82CB00EF08B0 /* Build configuration list for PBXNativeTarget "pika" */;
			buildPhases = (
				9D733EAA2CEC82C900EF08B0 /* Sources */,
				9D733EAB2CEC82C900EF08B0 /* Frameworks */,
				9D733EAC2CEC82C900EF08B0 /* Resources */,
			);
			buildRules = (
			);
			dependencies = (
			);
			name = pika;
			productName = pika;
			productReference = 9D733EAE2CEC82C900EF08B0 /* pika.app */;
			productType = "com.apple.product-type.application";
		};
		9D733EBE2CEC82CA00EF08B0 /* pikaTests */ = {
			isa = PBXNativeTarget;
			buildConfigurationList = 9D733ED62CEC82CB00EF08B0 /* Build configuration list for PBXNativeTarget "pikaTests" */;
			buildPhases = (
				9D733EBB2CEC82CA00EF08B0 /* Sources */,
				9D733EBC2CEC82CA00EF08B0 /* Frameworks */,
				9D733EBD2CEC82CA00EF08B0 /* Resources */,
			);
			buildRules = (
			);
			dependencies = (
				9D733EC12CEC82CA00EF08B0 /* PBXTargetDependency */,
			);
			name = pikaTests;
			productName = pikaTests;
			productReference = 9D733EBF2CEC82CA00EF08B0 /* pikaTests.xctest */;
			productType = "com.apple.product-type.bundle.unit-test";
		};
		9D733EC82CEC82CB00EF08B0 /* pikaUITests */ = {
			isa = PBXNativeTarget;
			buildConfigurationList = 9D733ED92CEC82CB00EF08B0 /* Build configuration list for PBXNativeTarget "pikaUITests" */;
			buildPhases = (
				9D733EC52CEC82CB00EF08B0 /* Sources */,
				9D733EC62CEC82CB00EF08B0 /* Frameworks */,
				9D733EC72CEC82CB00EF08B0 /* Resources */,
			);
			buildRules = (
			);
			dependencies = (
				9D733ECB2CEC82CB00EF08B0 /* PBXTargetDependency */,
			);
			name = pikaUITests;
			productName = pikaUITests;
			productReference = 9D733EC92CEC82CB00EF08B0 /* pikaUITests.xctest */;
			productType = "com.apple.product-type.bundle.ui-testing";
		};
/* End PBXNativeTarget section */

/* Begin PBXProject section */
		9D733EA62CEC82C900EF08B0 /* Project object */ = {
			isa = PBXProject;
			attributes = {
				BuildIndependentTargetsInParallel = 1;
				LastSwiftUpdateCheck = 1520;
				LastUpgradeCheck = 1520;
				TargetAttributes = {
					9D733EAD2CEC82C900EF08B0 = {
						CreatedOnToolsVersion = 15.2;
					};
					9D733EBE2CEC82CA00EF08B0 = {
						CreatedOnToolsVersion = 15.2;
						TestTargetID = 9D733EAD2CEC82C900EF08B0;
					};
					9D733EC82CEC82CB00EF08B0 = {
						CreatedOnToolsVersion = 15.2;
						TestTargetID = 9D733EAD2CEC82C900EF08B0;
					};
				};
			};
			buildConfigurationList = 9D733EA92CEC82C900EF08B0 /* Build configuration list for PBXProject "pika" */;
			compatibilityVersion = "Xcode 14.0";
			developmentRegion = en;
			hasScannedForEncodings = 0;
			knownRegions = (
				en,
				Base,
			);
			mainGroup = 9D733EA52CEC82C900EF08B0;
			productRefGroup = 9D733EAF2CEC82C900EF08B0 /* Products */;
			projectDirPath = "";
			projectRoot = "";
			targets = (
				9D733EAD2CEC82C900EF08B0 /* pika */,
				9D733EBE2CEC82CA00EF08B0 /* pikaTests */,
				9D733EC82CEC82CB00EF08B0 /* pikaUITests */,
			);
		};
/* End PBXProject section */

/* Begin PBXResourcesBuildPhase section */
		9D733EAC2CEC82C900EF08B0 /* Resources */ = {
			isa = PBXResourcesBuildPhase;
			buildActionMask = 2147483647;
			files = (
				9D733EBA2CEC82CA00EF08B0 /* Preview Assets.xcassets in Resources */,
				9D733EB62CEC82CA00EF08B0 /* Assets.xcassets in Resources */,
			);
			runOnlyForDeploymentPostprocessing = 0;
		};
		9D733EBD2CEC82CA00EF08B0 /* Resources */ = {
			isa = PBXResourcesBuildPhase;
			buildActionMask = 2147483647;
			files = (
			);
			runOnlyForDeploymentPostprocessing = 0;
		};
		9D733EC72CEC82CB00EF08B0 /* Resources */ = {
			isa = PBXResourcesBuildPhase;
			buildActionMask = 2147483647;
			files = (
			);
			runOnlyForDeploymentPostprocessing = 0;
		};
/* End PBXResourcesBuildPhase section */

/* Begin PBXSourcesBuildPhase section */
		9D733EAA2CEC82C900EF08B0 /* Sources */ = {
			isa = PBXSourcesBuildPhase;
			buildActionMask = 2147483647;
			files = (
				9D733EB42CEC82C900EF08B0 /* ContentView.swift in Sources */,
				9D733EB22CEC82C900EF08B0 /* pikaApp.swift in Sources */,
			);
			runOnlyForDeploymentPostprocessing = 0;
		};
		9D733EBB2CEC82CA00EF08B0 /* Sources */ = {
			isa = PBXSourcesBuildPhase;
			buildActionMask = 2147483647;
			files = (
				9D733EC42CEC82CA00EF08B0 /* pikaTests.swift in Sources */,
			);
			runOnlyForDeploymentPostprocessing = 0;
		};
		9D733EC52CEC82CB00EF08B0 /* Sources */ = {
			isa = PBXSourcesBuildPhase;
			buildActionMask = 2147483647;
			files = (
				9D733ECE2CEC82CB00EF08B0 /* pikaUITests.swift in Sources */,
				9D733ED02CEC82CB00EF08B0 /* pikaUITestsLaunchTests.swift in Sources */,
			);
			runOnlyForDeploymentPostprocessing = 0;
		};
/* End PBXSourcesBuildPhase section */

/* Begin PBXTargetDependency section */
		9D733EC12CEC82CA00EF08B0 /* PBXTargetDependency */ = {
			isa = PBXTargetDependency;
			target = 9D733EAD2CEC82C900EF08B0 /* pika */;
			targetProxy = 9D733EC02CEC82CA00EF08B0 /* PBXContainerItemProxy */;
		};
		9D733ECB2CEC82CB00EF08B0 /* PBXTargetDependency */ = {
			isa = PBXTargetDependency;
			target = 9D733EAD2CEC82C900EF08B0 /* pika */;
			targetProxy = 9D733ECA2CEC82CB00EF08B0 /* PBXContainerItemProxy */;
		};
/* End PBXTargetDependency section */

/* Begin XCBuildConfiguration section */
		9D733ED12CEC82CB00EF08B0 /* Debug */ = {
			isa = XCBuildConfiguration;
			buildSettings = {
				ALWAYS_SEARCH_USER_PATHS = NO;
				ASSETCATALOG_COMPILER_GENERATE_SWIFT_ASSET_SYMBOL_EXTENSIONS = YES;
				CLANG_ANALYZER_NONNULL = YES;
				CLANG_ANALYZER_NUMBER_OBJECT_CONVERSION = YES_AGGRESSIVE;
				CLANG_CXX_LANGUAGE_STANDARD = "gnu++20";
				CLANG_ENABLE_MODULES = YES;
				CLANG_ENABLE_OBJC_ARC = YES;
				CLANG_ENABLE_OBJC_WEAK = YES;
				CLANG_WARN_BLOCK_CAPTURE_AUTORELEASING = YES;
				CLANG_WARN_BOOL_CONVERSION = YES;
				CLANG_WARN_COMMA = YES;
				CLANG_WARN_CONSTANT_CONVERSION = YES;
				CLANG_WARN_DEPRECATED_OBJC_IMPLEMENTATIONS = YES;
				CLANG_WARN_DIRECT_OBJC_ISA_USAGE = YES_ERROR;
				CLANG_WARN_DOCUMENTATION_COMMENTS = YES;
				CLANG_WARN_EMPTY_BODY = YES;
				CLANG_WARN_ENUM_CONVERSION = YES;
				CLANG_WARN_INFINITE_RECURSION = YES;
				CLANG_WARN_INT_CONVERSION = YES;
				CLANG_WARN_NON_LITERAL_NULL_CONVERSION = YES;
				CLANG_WARN_OBJC_IMPLICIT_RETAIN_SELF = YES;
				CLANG_WARN_OBJC_LITERAL_CONVERSION = YES;
				CLANG_WARN_OBJC_ROOT_CLASS = YES_ERROR;
				CLANG_WARN_QUOTED_INCLUDE_IN_FRAMEWORK_HEADER = YES;
				CLANG_WARN_RANGE_LOOP_ANALYSIS = YES;
				CLANG_WARN_STRICT_PROTOTYPES = YES;
				CLANG_WARN_SUSPICIOUS_MOVE = YES;
				CLANG_WARN_UNGUARDED_AVAILABILITY = YES_AGGRESSIVE;
				CLANG_WARN_UNREACHABLE_CODE = YES;
				CLANG_WARN__DUPLICATE_METHOD_MATCH = YES;
				COPY_PHASE_STRIP = NO;
				DEBUG_INFORMATION_FORMAT = dwarf;
				ENABLE_STRICT_OBJC_MSGSEND = YES;
				ENABLE_TESTABILITY = YES;
				ENABLE_USER_SCRIPT_SANDBOXING = YES;
				GCC_C_LANGUAGE_STANDARD = gnu17;
				GCC_DYNAMIC_NO_PIC = NO;
				GCC_NO_COMMON_BLOCKS = YES;
				GCC_OPTIMIZATION_LEVEL = 0;
				GCC_PREPROCESSOR_DEFINITIONS = (
					"DEBUG=1",
					"$(inherited)",
				);
				GCC_WARN_64_TO_32_BIT_CONVERSION = YES;
				GCC_WARN_ABOUT_RETURN_TYPE = YES_ERROR;
				GCC_WARN_UNDECLARED_SELECTOR = YES;
				GCC_WARN_UNINITIALIZED_AUTOS = YES_AGGRESSIVE;
				GCC_WARN_UNUSED_FUNCTION = YES;
				GCC_WARN_UNUSED_VARIABLE = YES;
				LOCALIZATION_PREFERS_STRING_CATALOGS = YES;
				MTL_ENABLE_DEBUG_INFO = INCLUDE_SOURCE;
				MTL_FAST_MATH = YES;
				ONLY_ACTIVE_ARCH = YES;
				SWIFT_ACTIVE_COMPILATION_CONDITIONS = "DEBUG $(inherited)";
				SWIFT_OPTIMIZATION_LEVEL = "-Onone";
			};
			name = Debug;
		};
		9D733ED22CEC82CB00EF08B0 /* Release */ = {
			isa = XCBuildConfiguration;
			buildSettings = {
				ALWAYS_SEARCH_USER_PATHS = NO;
				ASSETCATALOG_COMPILER_GENERATE_SWIFT_ASSET_SYMBOL_EXTENSIONS = YES;
				CLANG_ANALYZER_NONNULL = YES;
				CLANG_ANALYZER_NUMBER_OBJECT_CONVERSION = YES_AGGRESSIVE;
				CLANG_CXX_LANGUAGE_STANDARD = "gnu++20";
				CLANG_ENABLE_MODULES = YES;
				CLANG_ENABLE_OBJC_ARC = YES;
				CLANG_ENABLE_OBJC_WEAK = YES;
				CLANG_WARN_BLOCK_CAPTURE_AUTORELEASING = YES;
				CLANG_WARN_BOOL_CONVERSION = YES;
				CLANG_WARN_COMMA = YES;
				CLANG_WARN_CONSTANT_CONVERSION = YES;
				CLANG_WARN_DEPRECATED_OBJC_IMPLEMENTATIONS = YES;
				CLANG_WARN_DIRECT_OBJC_ISA_USAGE = YES_ERROR;
				CLANG_WARN_DOCUMENTATION_COMMENTS = YES;
				CLANG_WARN_EMPTY_BODY = YES;
				CLANG_WARN_ENUM_CONVERSION = YES;
				CLANG_WARN_INFINITE_RECURSION = YES;
				CLANG_WARN_INT_CONVERSION = YES;
				CLANG_WARN_NON_LITERAL_NULL_CONVERSION = YES;
				CLANG_WARN_OBJC_IMPLICIT_RETAIN_SELF = YES;
				CLANG_WARN_OBJC_LITERAL_CONVERSION = YES;
				CLANG_WARN_OBJC_ROOT_CLASS = YES_ERROR;
				CLANG_WARN_QUOTED_INCLUDE_IN_FRAMEWORK_HEADER = YES;
				CLANG_WARN_RANGE_LOOP_ANALYSIS = YES;
				CLANG_WARN_STRICT_PROTOTYPES = YES;
				CLANG_WARN_SUSPICIOUS_MOVE = YES;
				CLANG_WARN_UNGUARDED_AVAILABILITY = YES_AGGRESSIVE;
				CLANG_WARN_UNREACHABLE_CODE = YES;
				CLANG_WARN__DUPLICATE_METHOD_MATCH = YES;
				COPY_PHASE_STRIP = NO;
				DEBUG_INFORMATION_FORMAT = "dwarf-with-dsym";
				ENABLE_NS_ASSERTIONS = NO;
				ENABLE_STRICT_OBJC_MSGSEND = YES;
				ENABLE_USER_SCRIPT_SANDBOXING = YES;
				GCC_C_LANGUAGE_STANDARD = gnu17;
				GCC_NO_COMMON_BLOCKS = YES;
				GCC_WARN_64_TO_32_BIT_CONVERSION = YES;
				GCC_WARN_ABOUT_RETURN_TYPE = YES_ERROR;
				GCC_WARN_UNDECLARED_SELECTOR = YES;
				GCC_WARN_UNINITIALIZED_AUTOS = YES_AGGRESSIVE;
				GCC_WARN_UNUSED_FUNCTION = YES;
				GCC_WARN_UNUSED_VARIABLE = YES;
				LOCALIZATION_PREFERS_STRING_CATALOGS = YES;
				MTL_ENABLE_DEBUG_INFO = NO;
				MTL_FAST_MATH = YES;
				SWIFT_COMPILATION_MODE = wholemodule;
			};
			name = Release;
		};
		9D733ED42CEC82CB00EF08B0 /* Debug */ = {
			isa = XCBuildConfiguration;
			buildSettings = {
				ASSETCATALOG_COMPILER_APPICON_NAME = AppIcon;
				ASSETCATALOG_COMPILER_GLOBAL_ACCENT_COLOR_NAME = AccentColor;
				CODE_SIGN_ENTITLEMENTS = pika/pika.entitlements;
				CODE_SIGN_STYLE = Automatic;
				CURRENT_PROJECT_VERSION = 1;
				DEVELOPMENT_ASSET_PATHS = "\"pika/Preview Content\"";
				ENABLE_PREVIEWS = YES;
				GENERATE_INFOPLIST_FILE = YES;
				"INFOPLIST_KEY_UIApplicationSceneManifest_Generation[sdk=iphoneos*]" = YES;
				"INFOPLIST_KEY_UIApplicationSceneManifest_Generation[sdk=iphonesimulator*]" = YES;
				"INFOPLIST_KEY_UIApplicationSupportsIndirectInputEvents[sdk=iphoneos*]" = YES;
				"INFOPLIST_KEY_UIApplicationSupportsIndirectInputEvents[sdk=iphonesimulator*]" = YES;
				"INFOPLIST_KEY_UILaunchScreen_Generation[sdk=iphoneos*]" = YES;
				"INFOPLIST_KEY_UILaunchScreen_Generation[sdk=iphonesimulator*]" = YES;
				"INFOPLIST_KEY_UIStatusBarStyle[sdk=iphoneos*]" = UIStatusBarStyleDefault;
				"INFOPLIST_KEY_UIStatusBarStyle[sdk=iphonesimulator*]" = UIStatusBarStyleDefault;
				INFOPLIST_KEY_UISupportedInterfaceOrientations_iPad = "UIInterfaceOrientationPortrait UIInterfaceOrientationPortraitUpsideDown UIInterfaceOrientationLandscapeLeft UIInterfaceOrientationLandscapeRight";
				INFOPLIST_KEY_UISupportedInterfaceOrientations_iPhone = "UIInterfaceOrientationPortrait UIInterfaceOrientationLandscapeLeft UIInterfaceOrientationLandscapeRight";
				IPHONEOS_DEPLOYMENT_TARGET = 17.2;
				LD_RUNPATH_SEARCH_PATHS = "@executable_path/Frameworks";
				"LD_RUNPATH_SEARCH_PATHS[sdk=macosx*]" = "@executable_path/../Frameworks";
				MACOSX_DEPLOYMENT_TARGET = 14.2;
				MARKETING_VERSION = 1.0;
				PRODUCT_BUNDLE_IDENTIFIER = pika.pika;
				PRODUCT_NAME = "$(TARGET_NAME)";
				SDKROOT = auto;
				SUPPORTED_PLATFORMS = "iphoneos iphonesimulator macosx";
				SWIFT_EMIT_LOC_STRINGS = YES;
				SWIFT_VERSION = 5.0;
				TARGETED_DEVICE_FAMILY = "1,2";
			};
			name = Debug;
		};
		9D733ED52CEC82CB00EF08B0 /* Release */ = {
			isa = XCBuildConfiguration;
			buildSettings = {
				ASSETCATALOG_COMPILER_APPICON_NAME = AppIcon;
				ASSETCATALOG_COMPILER_GLOBAL_ACCENT_COLOR_NAME = AccentColor;
				CODE_SIGN_ENTITLEMENTS = pika/pika.entitlements;
				CODE_SIGN_STYLE = Automatic;
				CURRENT_PROJECT_VERSION = 1;
				DEVELOPMENT_ASSET_PATHS = "\"pika/Preview Content\"";
				ENABLE_PREVIEWS = YES;
				GENERATE_INFOPLIST_FILE = YES;
				"INFOPLIST_KEY_UIApplicationSceneManifest_Generation[sdk=iphoneos*]" = YES;
				"INFOPLIST_KEY_UIApplicationSceneManifest_Generation[sdk=iphonesimulator*]" = YES;
				"INFOPLIST_KEY_UIApplicationSupportsIndirectInputEvents[sdk=iphoneos*]" = YES;
				"INFOPLIST_KEY_UIApplicationSupportsIndirectInputEvents[sdk=iphonesimulator*]" = YES;
				"INFOPLIST_KEY_UILaunchScreen_Generation[sdk=iphoneos*]" = YES;
				"INFOPLIST_KEY_UILaunchScreen_Generation[sdk=iphonesimulator*]" = YES;
				"INFOPLIST_KEY_UIStatusBarStyle[sdk=iphoneos*]" = UIStatusBarStyleDefault;
				"INFOPLIST_KEY_UIStatusBarStyle[sdk=iphonesimulator*]" = UIStatusBarStyleDefault;
				INFOPLIST_KEY_UISupportedInterfaceOrientations_iPad = "UIInterfaceOrientationPortrait UIInterfaceOrientationPortraitUpsideDown UIInterfaceOrientationLandscapeLeft UIInterfaceOrientationLandscapeRight";
				INFOPLIST_KEY_UISupportedInterfaceOrientations_iPhone = "UIInterfaceOrientationPortrait UIInterfaceOrientationLandscapeLeft UIInterfaceOrientationLandscapeRight";
				IPHONEOS_DEPLOYMENT_TARGET = 17.2;
				LD_RUNPATH_SEARCH_PATHS = "@executable_path/Frameworks";
				"LD_RUNPATH_SEARCH_PATHS[sdk=macosx*]" = "@executable_path/../Frameworks";
				MACOSX_DEPLOYMENT_TARGET = 14.2;
				MARKETING_VERSION = 1.0;
				PRODUCT_BUNDLE_IDENTIFIER = pika.pika;
				PRODUCT_NAME = "$(TARGET_NAME)";
				SDKROOT = auto;
				SUPPORTED_PLATFORMS = "iphoneos iphonesimulator macosx";
				SWIFT_EMIT_LOC_STRINGS = YES;
				SWIFT_VERSION = 5.0;
				TARGETED_DEVICE_FAMILY = "1,2";
			};
			name = Release;
		};
		9D733ED72CEC82CB00EF08B0 /* Debug */ = {
			isa = XCBuildConfiguration;
			buildSettings = {
				ALWAYS_EMBED_SWIFT_STANDARD_LIBRARIES = YES;
				BUNDLE_LOADER = "$(TEST_HOST)";
				CODE_SIGN_STYLE = Automatic;
				CURRENT_PROJECT_VERSION = 1;
				GENERATE_INFOPLIST_FILE = YES;
				IPHONEOS_DEPLOYMENT_TARGET = 17.2;
				MACOSX_DEPLOYMENT_TARGET = 14.2;
				MARKETING_VERSION = 1.0;
				PRODUCT_BUNDLE_IDENTIFIER = pika.pikaTests;
				PRODUCT_NAME = "$(TARGET_NAME)";
				SDKROOT = auto;
				SUPPORTED_PLATFORMS = "iphoneos iphonesimulator macosx";
				SWIFT_EMIT_LOC_STRINGS = NO;
				SWIFT_VERSION = 5.0;
				TARGETED_DEVICE_FAMILY = "1,2";
				TEST_HOST = "$(BUILT_PRODUCTS_DIR)/pika.app/$(BUNDLE_EXECUTABLE_FOLDER_PATH)/pika";
			};
			name = Debug;
		};
		9D733ED82CEC82CB00EF08B0 /* Release */ = {
			isa = XCBuildConfiguration;
			buildSettings = {
				ALWAYS_EMBED_SWIFT_STANDARD_LIBRARIES = YES;
				BUNDLE_LOADER = "$(TEST_HOST)";
				CODE_SIGN_STYLE = Automatic;
				CURRENT_PROJECT_VERSION = 1;
				GENERATE_INFOPLIST_FILE = YES;
				IPHONEOS_DEPLOYMENT_TARGET = 17.2;
				MACOSX_DEPLOYMENT_TARGET = 14.2;
				MARKETING_VERSION = 1.0;
				PRODUCT_BUNDLE_IDENTIFIER = pika.pikaTests;
				PRODUCT_NAME = "$(TARGET_NAME)";
				SDKROOT = auto;
				SUPPORTED_PLATFORMS = "iphoneos iphonesimulator macosx";
				SWIFT_EMIT_LOC_STRINGS = NO;
				SWIFT_VERSION = 5.0;
				TARGETED_DEVICE_FAMILY = "1,2";
				TEST_HOST = "$(BUILT_PRODUCTS_DIR)/pika.app/$(BUNDLE_EXECUTABLE_FOLDER_PATH)/pika";
			};
			name = Release;
		};
		9D733EDA2CEC82CB00EF08B0 /* Debug */ = {
			isa = XCBuildConfiguration;
			buildSettings = {
				ALWAYS_EMBED_SWIFT_STANDARD_LIBRARIES = YES;
				CODE_SIGN_STYLE = Automatic;
				CURRENT_PROJECT_VERSION = 1;
				GENERATE_INFOPLIST_FILE = YES;
				IPHONEOS_DEPLOYMENT_TARGET = 17.2;
				MACOSX_DEPLOYMENT_TARGET = 14.2;
				MARKETING_VERSION = 1.0;
				PRODUCT_BUNDLE_IDENTIFIER = pika.pikaUITests;
				PRODUCT_NAME = "$(TARGET_NAME)";
				SDKROOT = auto;
				SUPPORTED_PLATFORMS = "iphoneos iphonesimulator macosx";
				SWIFT_EMIT_LOC_STRINGS = NO;
				SWIFT_VERSION = 5.0;
				TARGETED_DEVICE_FAMILY = "1,2";
				TEST_TARGET_NAME = pika;
			};
			name = Debug;
		};
		9D733EDB2CEC82CB00EF08B0 /* Release */ = {
			isa = XCBuildConfiguration;
			buildSettings = {
				ALWAYS_EMBED_SWIFT_STANDARD_LIBRARIES = YES;
				CODE_SIGN_STYLE = Automatic;
				CURRENT_PROJECT_VERSION = 1;
				GENERATE_INFOPLIST_FILE = YES;
				IPHONEOS_DEPLOYMENT_TARGET = 17.2;
				MACOSX_DEPLOYMENT_TARGET = 14.2;
				MARKETING_VERSION = 1.0;
				PRODUCT_BUNDLE_IDENTIFIER = pika.pikaUITests;
				PRODUCT_NAME = "$(TARGET_NAME)";
				SDKROOT = auto;
				SUPPORTED_PLATFORMS = "iphoneos iphonesimulator macosx";
				SWIFT_EMIT_LOC_STRINGS = NO;
				SWIFT_VERSION = 5.0;
				TARGETED_DEVICE_FAMILY = "1,2";
				TEST_TARGET_NAME = pika;
			};
			name = Release;
		};
/* End XCBuildConfiguration section */

/* Begin XCConfigurationList section */
		9D733EA92CEC82C900EF08B0 /* Build configuration list for PBXProject "pika" */ = {
			isa = XCConfigurationList;
			buildConfigurations = (
				9D733ED12CEC82CB00EF08B0 /* Debug */,
				9D733ED22CEC82CB00EF08B0 /* Release */,
			);
			defaultConfigurationIsVisible = 0;
			defaultConfigurationName = Release;
		};
		9D733ED32CEC82CB00EF08B0 /* Build configuration list for PBXNativeTarget "pika" */ = {
			isa = XCConfigurationList;
			buildConfigurations = (
				9D733ED42CEC82CB00EF08B0 /* Debug */,
				9D733ED52CEC82CB00EF08B0 /* Release */,
			);
			defaultConfigurationIsVisible = 0;
			defaultConfigurationName = Release;
		};
		9D733ED62CEC82CB00EF08B0 /* Build configuration list for PBXNativeTarget "pikaTests" */ = {
			isa = XCConfigurationList;
			buildConfigurations = (
				9D733ED72CEC82CB00EF08B0 /* Debug */,
				9D733ED82CEC82CB00EF08B0 /* Release */,
			);
			defaultConfigurationIsVisible = 0;
			defaultConfigurationName = Release;
		};
		9D733ED92CEC82CB00EF08B0 /* Build configuration list for PBXNativeTarget "pikaUITests" */ = {
			isa = XCConfigurationList;
			buildConfigurations = (
				9D733EDA2CEC82CB00EF08B0 /* Debug */,
				9D733EDB2CEC82CB00EF08B0 /* Release */,
			);
			defaultConfigurationIsVisible = 0;
			defaultConfigurationName = Release;
		};
/* End XCConfigurationList section */
	};
	rootObject = 9D733EA62CEC82C900EF08B0 /* Project object */;
}
